
Microsoft Visual Studio Solution File, Format Version 12.00
# Visual Studio Version 16
VisualStudioVersion = 16.0.30128.74
MinimumVisualStudioVersion = 10.0.40219.1
Project("{2150E333-8FDC-42A3-9474-1A3956D46DE8}") = "Protobuf", "Protobuf", "{E970B8D6-F9E7-4C52-A321-6A1CE5D6BBAA}"
	ProjectSection(SolutionItems) = preProject
		Dummy.proto = Dummy.proto
		Greeting.proto = Greeting.proto
	EndProjectSection
EndProject
Project("{FAE04EC0-301F-11D3-BF4B-00C04F79EFBC}") = "gRPC_Client", "gRPC_Client\gRPC_Client.csproj", "{113F6319-0C1E-45B8-AC03-8374314C1108}"
EndProject
Project("{FAE04EC0-301F-11D3-BF4B-00C04F79EFBC}") = "gRPC_Server", "gRPC_Server\gRPC_Server.csproj", "{846FF2A5-CE80-4988-8316-D8CCFBCA3287}"
EndProject
Global
	GlobalSection(SolutionConfigurationPlatforms) = preSolution
		Debug|Any CPU = Debug|Any CPU
		Release|Any CPU = Release|Any CPU
	EndGlobalSection
	GlobalSection(ProjectConfigurationPlatforms) = postSolution
		{113F6319-0C1E-45B8-AC03-8374314C1108}.Debug|Any CPU.ActiveCfg = Debug|Any CPU
		{113F6319-0C1E-45B8-AC03-8374314C1108}.Debug|Any CPU.Build.0 = Debug|Any CPU
		{113F6319-0C1E-45B8-AC03-8374314C1108}.Release|Any CPU.ActiveCfg = Release|Any CPU
		{113F6319-0C1E-45B8-AC03-8374314C1108}.Release|Any CPU.Build.0 = Release|Any CPU
		{846FF2A5-CE80-4988-8316-D8CCFBCA3287}.Debug|Any CPU.ActiveCfg = Debug|Any CPU
		{846FF2A5-CE80-4988-8316-D8CCFBCA3287}.Debug|Any CPU.Build.0 = Debug|Any CPU
		{846FF2A5-CE80-4988-8316-D8CCFBCA3287}.Release|Any CPU.ActiveCfg = Release|Any CPU
		{846FF2A5-CE80-4988-8316-D8CCFBCA3287}.Release|Any CPU.Build.0 = Release|Any CPU
	EndGlobalSection
	GlobalSection(SolutionProperties) = preSolution
		HideSolutionNode = FALSE
	EndGlobalSection
	GlobalSection(ExtensibilityGlobals) = postSolution
		SolutionGuid = {FE91E279-70F2-4F2D-A01E-D3A20B8342B1}
	EndGlobalSection
EndGlobal
